
Microsoft Visual Studio Solution File, Format Version 12.00
# Visual Studio Version 16
VisualStudioVersion = 16.0.32901.82
MinimumVisualStudioVersion = 10.0.40219.1
Project("{FAE04EC0-301F-11D3-BF4B-00C04F79EFBC}") = "RouteComposer", "RouteComposer\RouteComposer.csproj", "{8EC6151B-8F43-4EEF-985F-61FF6AACF1A7}"
EndProject
Project("{FAE04EC0-301F-11D3-BF4B-00C04F79EFBC}") = "RouteComposerTests", "RouteComposerTests\RouteComposerTests.csproj", "{0219378F-042D-406C-B245-4BD4C9C20B52}"
EndProject
Global
	GlobalSection(SolutionConfigurationPlatforms) = preSolution
		Debug|Any CPU = Debug|Any CPU
		Release|Any CPU = Release|Any CPU
	EndGlobalSection
	GlobalSection(ProjectConfigurationPlatforms) = postSolution
		{8EC6151B-8F43-4EEF-985F-61FF6AACF1A7}.Debug|Any CPU.ActiveCfg = Debug|Any CPU
		{8EC6151B-8F43-4EEF-985F-61FF6AACF1A7}.Debug|Any CPU.Build.0 = Debug|Any CPU
		{8EC6151B-8F43-4EEF-985F-61FF6AACF1A7}.Release|Any CPU.ActiveCfg = Release|Any CPU
		{8EC6151B-8F43-4EEF-985F-61FF6AACF1A7}.Release|Any CPU.Build.0 = Release|Any CPU
		{0219378F-042D-406C-B245-4BD4C9C20B52}.Debug|Any CPU.ActiveCfg = Debug|Any CPU
		{0219378F-042D-406C-B245-4BD4C9C20B52}.Debug|Any CPU.Build.0 = Debug|Any CPU
		{0219378F-042D-406C-B245-4BD4C9C20B52}.Release|Any CPU.ActiveCfg = Release|Any CPU
		{0219378F-042D-406C-B245-4BD4C9C20B52}.Release|Any CPU.Build.0 = Release|Any CPU
	EndGlobalSection
	GlobalSection(SolutionProperties) = preSolution
		HideSolutionNode = FALSE
	EndGlobalSection
	GlobalSection(ExtensibilityGlobals) = postSolution
		SolutionGuid = {6450EA5E-8AFF-4F93-BD57-094F33B03108}
	EndGlobalSection
EndGlobal
